// !$*UTF8*$!
{
	archiveVersion = 1;
	classes = {
	};
	objectVersion = 56;
	objects = {

/* Begin PBXBuildFile section */
		C5F7A79D2A80209E009DECF9 /* DeviceActivityApp.swift in Sources */ = {isa = PBXBuildFile; fileRef = C5F7A79C2A80209E009DECF9 /* DeviceActivityApp.swift */; };
		C5F7A79F2A80209E009DECF9 /* ContentView.swift in Sources */ = {isa = PBXBuildFile; fileRef = C5F7A79E2A80209E009DECF9 /* ContentView.swift */; };
		C5F7A7A12A80209E009DECF9 /* Assets.xcassets in Resources */ = {isa = PBXBuildFile; fileRef = C5F7A7A02A80209E009DECF9 /* Assets.xcassets */; };
		C5F7A7A42A80209E009DECF9 /* Preview Assets.xcassets in Resources */ = {isa = PBXBuildFile; fileRef = C5F7A7A32A80209E009DECF9 /* Preview Assets.xcassets */; };
		C5F7A7C02A802573009DECF9 /* RequestAuthorization.swift in Sources */ = {isa = PBXBuildFile; fileRef = C5F7A7BF2A802573009DECF9 /* RequestAuthorization.swift */; };
		C5F7A7C32A80274A009DECF9 /* Loading.swift in Sources */ = {isa = PBXBuildFile; fileRef = C5F7A7C22A80274A009DECF9 /* Loading.swift */; };
		C5F7A7C52A802C59009DECF9 /* ReportsView.swift in Sources */ = {isa = PBXBuildFile; fileRef = C5F7A7C42A802C59009DECF9 /* ReportsView.swift */; };
		C5F7A7C72A802DA9009DECF9 /* DeviceActivityReportAdapter.swift in Sources */ = {isa = PBXBuildFile; fileRef = C5F7A7C62A802DA9009DECF9 /* DeviceActivityReportAdapter.swift */; };
		C5F7A7DC2A8037A8009DECF9 /* MonitorReport.swift in Sources */ = {isa = PBXBuildFile; fileRef = C5F7A7DB2A8037A8009DECF9 /* MonitorReport.swift */; };
		C5F7A7DE2A8037A8009DECF9 /* TotalActivityReport.swift in Sources */ = {isa = PBXBuildFile; fileRef = C5F7A7DD2A8037A8009DECF9 /* TotalActivityReport.swift */; };
		C5F7A7E02A8037A8009DECF9 /* TotalActivityView.swift in Sources */ = {isa = PBXBuildFile; fileRef = C5F7A7DF2A8037A8009DECF9 /* TotalActivityView.swift */; };
		C5F7A7E52A8037A8009DECF9 /* MonitorReport.appex in Embed ExtensionKit Extensions */ = {isa = PBXBuildFile; fileRef = C5F7A7D92A8037A8009DECF9 /* MonitorReport.appex */; settings = {ATTRIBUTES = (RemoveHeadersOnCopy, ); }; };
		C5F7A7EB2A803945009DECF9 /* DeviceActivityReport.swift in Sources */ = {isa = PBXBuildFile; fileRef = C5F7A7D32A803329009DECF9 /* DeviceActivityReport.swift */; };
		C5F7A7EC2A803947009DECF9 /* AppReport.swift in Sources */ = {isa = PBXBuildFile; fileRef = C5F7A7D02A8032B9009DECF9 /* AppReport.swift */; };
		C5F7A7ED2A803949009DECF9 /* ActivitiesView.swift in Sources */ = {isa = PBXBuildFile; fileRef = C5F7A7CB2A803119009DECF9 /* ActivitiesView.swift */; };
		C5F7A7EE2A80394B009DECF9 /* ListItem.swift in Sources */ = {isa = PBXBuildFile; fileRef = C5F7A7CD2A8031E2009DECF9 /* ListItem.swift */; };
/* End PBXBuildFile section */

/* Begin PBXContainerItemProxy section */
		C5F7A7E32A8037A8009DECF9 /* PBXContainerItemProxy */ = {
			isa = PBXContainerItemProxy;
			containerPortal = C5F7A7912A80209E009DECF9 /* Project object */;
			proxyType = 1;
			remoteGlobalIDString = C5F7A7D82A8037A8009DECF9;
			remoteInfo = MonitorReport;
		};
/* End PBXContainerItemProxy section */

/* Begin PBXCopyFilesBuildPhase section */
		C5F7A7BA2A8021CA009DECF9 /* Embed Foundation Extensions */ = {
			isa = PBXCopyFilesBuildPhase;
			buildActionMask = 2147483647;
			dstPath = "";
			dstSubfolderSpec = 13;
			files = (
			);
			name = "Embed Foundation Extensions";
			runOnlyForDeploymentPostprocessing = 0;
		};
		C5F7A7E92A8037A8009DECF9 /* Embed ExtensionKit Extensions */ = {
			isa = PBXCopyFilesBuildPhase;
			buildActionMask = 2147483647;
			dstPath = "$(EXTENSIONS_FOLDER_PATH)";
			dstSubfolderSpec = 16;
			files = (
				C5F7A7E52A8037A8009DECF9 /* MonitorReport.appex in Embed ExtensionKit Extensions */,
			);
			name = "Embed ExtensionKit Extensions";
			runOnlyForDeploymentPostprocessing = 0;
		};
/* End PBXCopyFilesBuildPhase section */

/* Begin PBXFileReference section */
		C5F7A7992A80209E009DECF9 /* DeviceActivityApp.app */ = {isa = PBXFileReference; explicitFileType = wrapper.application; includeInIndex = 0; path = DeviceActivityApp.app; sourceTree = BUILT_PRODUCTS_DIR; };
		C5F7A79C2A80209E009DECF9 /* DeviceActivityApp.swift */ = {isa = PBXFileReference; lastKnownFileType = sourcecode.swift; path = DeviceActivityApp.swift; sourceTree = "<group>"; };
		C5F7A79E2A80209E009DECF9 /* ContentView.swift */ = {isa = PBXFileReference; lastKnownFileType = sourcecode.swift; path = ContentView.swift; sourceTree = "<group>"; };
		C5F7A7A02A80209E009DECF9 /* Assets.xcassets */ = {isa = PBXFileReference; lastKnownFileType = folder.assetcatalog; path = Assets.xcassets; sourceTree = "<group>"; };
		C5F7A7A32A80209E009DECF9 /* Preview Assets.xcassets */ = {isa = PBXFileReference; lastKnownFileType = folder.assetcatalog; path = "Preview Assets.xcassets"; sourceTree = "<group>"; };
		C5F7A7B02A8021CA009DECF9 /* DeviceActivity.framework */ = {isa = PBXFileReference; lastKnownFileType = wrapper.framework; name = DeviceActivity.framework; path = System/Library/Frameworks/DeviceActivity.framework; sourceTree = SDKROOT; };
		C5F7A7BE2A8023D8009DECF9 /* DeviceActivityApp.entitlements */ = {isa = PBXFileReference; lastKnownFileType = text.plist.entitlements; path = DeviceActivityApp.entitlements; sourceTree = "<group>"; };
		C5F7A7BF2A802573009DECF9 /* RequestAuthorization.swift */ = {isa = PBXFileReference; lastKnownFileType = sourcecode.swift; path = RequestAuthorization.swift; sourceTree = "<group>"; };
		C5F7A7C22A80274A009DECF9 /* Loading.swift */ = {isa = PBXFileReference; lastKnownFileType = sourcecode.swift; path = Loading.swift; sourceTree = "<group>"; };
		C5F7A7C42A802C59009DECF9 /* ReportsView.swift */ = {isa = PBXFileReference; lastKnownFileType = sourcecode.swift; path = ReportsView.swift; sourceTree = "<group>"; };
		C5F7A7C62A802DA9009DECF9 /* DeviceActivityReportAdapter.swift */ = {isa = PBXFileReference; lastKnownFileType = sourcecode.swift; path = DeviceActivityReportAdapter.swift; sourceTree = "<group>"; };
		C5F7A7CB2A803119009DECF9 /* ActivitiesView.swift */ = {isa = PBXFileReference; lastKnownFileType = sourcecode.swift; path = ActivitiesView.swift; sourceTree = "<group>"; };
		C5F7A7CD2A8031E2009DECF9 /* ListItem.swift */ = {isa = PBXFileReference; lastKnownFileType = sourcecode.swift; path = ListItem.swift; sourceTree = "<group>"; };
		C5F7A7D02A8032B9009DECF9 /* AppReport.swift */ = {isa = PBXFileReference; lastKnownFileType = sourcecode.swift; path = AppReport.swift; sourceTree = "<group>"; };
		C5F7A7D32A803329009DECF9 /* DeviceActivityReport.swift */ = {isa = PBXFileReference; lastKnownFileType = sourcecode.swift; path = DeviceActivityReport.swift; sourceTree = "<group>"; };
		C5F7A7D92A8037A8009DECF9 /* MonitorReport.appex */ = {isa = PBXFileReference; explicitFileType = "wrapper.extensionkit-extension"; includeInIndex = 0; path = MonitorReport.appex; sourceTree = BUILT_PRODUCTS_DIR; };
		C5F7A7DB2A8037A8009DECF9 /* MonitorReport.swift */ = {isa = PBXFileReference; lastKnownFileType = sourcecode.swift; path = MonitorReport.swift; sourceTree = "<group>"; };
		C5F7A7DD2A8037A8009DECF9 /* TotalActivityReport.swift */ = {isa = PBXFileReference; lastKnownFileType = sourcecode.swift; path = TotalActivityReport.swift; sourceTree = "<group>"; };
		C5F7A7DF2A8037A8009DECF9 /* TotalActivityView.swift */ = {isa = PBXFileReference; lastKnownFileType = sourcecode.swift; path = TotalActivityView.swift; sourceTree = "<group>"; };
		C5F7A7E12A8037A8009DECF9 /* Info.plist */ = {isa = PBXFileReference; lastKnownFileType = text.plist.xml; path = Info.plist; sourceTree = "<group>"; };
		C5F7A7E22A8037A8009DECF9 /* MonitorReport.entitlements */ = {isa = PBXFileReference; lastKnownFileType = text.plist.entitlements; path = MonitorReport.entitlements; sourceTree = "<group>"; };
/* End PBXFileReference section */

/* Begin PBXFrameworksBuildPhase section */
		C5F7A7962A80209E009DECF9 /* Frameworks */ = {
			isa = PBXFrameworksBuildPhase;
			buildActionMask = 2147483647;
			files = (
			);
			runOnlyForDeploymentPostprocessing = 0;
		};
		C5F7A7D62A8037A8009DECF9 /* Frameworks */ = {
			isa = PBXFrameworksBuildPhase;
			buildActionMask = 2147483647;
			files = (
			);
			runOnlyForDeploymentPostprocessing = 0;
		};
/* End PBXFrameworksBuildPhase section */

/* Begin PBXGroup section */
		C5F7A7902A80209E009DECF9 = {
			isa = PBXGroup;
			children = (
				C5F7A79B2A80209E009DECF9 /* DeviceActivityApp */,
				C5F7A7DA2A8037A8009DECF9 /* MonitorReport */,
				C5F7A7AF2A8021CA009DECF9 /* Frameworks */,
				C5F7A79A2A80209E009DECF9 /* Products */,
			);
			sourceTree = "<group>";
		};
		C5F7A79A2A80209E009DECF9 /* Products */ = {
			isa = PBXGroup;
			children = (
				C5F7A7992A80209E009DECF9 /* DeviceActivityApp.app */,
				C5F7A7D92A8037A8009DECF9 /* MonitorReport.appex */,
			);
			name = Products;
			sourceTree = "<group>";
		};
		C5F7A79B2A80209E009DECF9 /* DeviceActivityApp */ = {
			isa = PBXGroup;
			children = (
				C5F7A7C82A802ECE009DECF9 /* Adapters */,
				C5F7A7C12A802741009DECF9 /* Views */,
				C5F7A7BE2A8023D8009DECF9 /* DeviceActivityApp.entitlements */,
				C5F7A79C2A80209E009DECF9 /* DeviceActivityApp.swift */,
				C5F7A79E2A80209E009DECF9 /* ContentView.swift */,
				C5F7A7A02A80209E009DECF9 /* Assets.xcassets */,
				C5F7A7A22A80209E009DECF9 /* Preview Content */,
			);
			path = DeviceActivityApp;
			sourceTree = "<group>";
		};
		C5F7A7A22A80209E009DECF9 /* Preview Content */ = {
			isa = PBXGroup;
			children = (
				C5F7A7A32A80209E009DECF9 /* Preview Assets.xcassets */,
			);
			path = "Preview Content";
			sourceTree = "<group>";
		};
		C5F7A7AF2A8021CA009DECF9 /* Frameworks */ = {
			isa = PBXGroup;
			children = (
				C5F7A7B02A8021CA009DECF9 /* DeviceActivity.framework */,
			);
			name = Frameworks;
			sourceTree = "<group>";
		};
		C5F7A7C12A802741009DECF9 /* Views */ = {
			isa = PBXGroup;
			children = (
				C5F7A7C22A80274A009DECF9 /* Loading.swift */,
				C5F7A7C42A802C59009DECF9 /* ReportsView.swift */,
			);
			path = Views;
			sourceTree = "<group>";
		};
		C5F7A7C82A802ECE009DECF9 /* Adapters */ = {
			isa = PBXGroup;
			children = (
				C5F7A7BF2A802573009DECF9 /* RequestAuthorization.swift */,
				C5F7A7C62A802DA9009DECF9 /* DeviceActivityReportAdapter.swift */,
			);
			path = Adapters;
			sourceTree = "<group>";
		};
		C5F7A7CF2A80328F009DECF9 /* Views */ = {
			isa = PBXGroup;
			children = (
				C5F7A7CB2A803119009DECF9 /* ActivitiesView.swift */,
				C5F7A7CD2A8031E2009DECF9 /* ListItem.swift */,
			);
			path = Views;
			sourceTree = "<group>";
		};
		C5F7A7D22A803314009DECF9 /* Models */ = {
			isa = PBXGroup;
			children = (
				C5F7A7D02A8032B9009DECF9 /* AppReport.swift */,
				C5F7A7D32A803329009DECF9 /* DeviceActivityReport.swift */,
			);
			path = Models;
			sourceTree = "<group>";
		};
		C5F7A7DA2A8037A8009DECF9 /* MonitorReport */ = {
			isa = PBXGroup;
			children = (
				C5F7A7D22A803314009DECF9 /* Models */,
				C5F7A7CF2A80328F009DECF9 /* Views */,
				C5F7A7DB2A8037A8009DECF9 /* MonitorReport.swift */,
				C5F7A7DD2A8037A8009DECF9 /* TotalActivityReport.swift */,
				C5F7A7DF2A8037A8009DECF9 /* TotalActivityView.swift */,
				C5F7A7E12A8037A8009DECF9 /* Info.plist */,
				C5F7A7E22A8037A8009DECF9 /* MonitorReport.entitlements */,
			);
			path = MonitorReport;
			sourceTree = "<group>";
		};
/* End PBXGroup section */

/* Begin PBXNativeTarget section */
		C5F7A7982A80209E009DECF9 /* DeviceActivityApp */ = {
			isa = PBXNativeTarget;
			buildConfigurationList = C5F7A7A72A80209E009DECF9 /* Build configuration list for PBXNativeTarget "DeviceActivityApp" */;
			buildPhases = (
				C5F7A7952A80209E009DECF9 /* Sources */,
				C5F7A7962A80209E009DECF9 /* Frameworks */,
				C5F7A7972A80209E009DECF9 /* Resources */,
				C5F7A7BA2A8021CA009DECF9 /* Embed Foundation Extensions */,
				C5F7A7E92A8037A8009DECF9 /* Embed ExtensionKit Extensions */,
			);
			buildRules = (
			);
			dependencies = (
				C5F7A7E42A8037A8009DECF9 /* PBXTargetDependency */,
			);
			name = DeviceActivityApp;
			productName = DeviceActivityApp;
			productReference = C5F7A7992A80209E009DECF9 /* DeviceActivityApp.app */;
			productType = "com.apple.product-type.application";
		};
		C5F7A7D82A8037A8009DECF9 /* MonitorReport */ = {
			isa = PBXNativeTarget;
			buildConfigurationList = C5F7A7E62A8037A8009DECF9 /* Build configuration list for PBXNativeTarget "MonitorReport" */;
			buildPhases = (
				C5F7A7D52A8037A8009DECF9 /* Sources */,
				C5F7A7D62A8037A8009DECF9 /* Frameworks */,
				C5F7A7D72A8037A8009DECF9 /* Resources */,
			);
			buildRules = (
			);
			dependencies = (
			);
			name = MonitorReport;
			productName = MonitorReport;
			productReference = C5F7A7D92A8037A8009DECF9 /* MonitorReport.appex */;
			productType = "com.apple.product-type.extensionkit-extension";
		};
/* End PBXNativeTarget section */

/* Begin PBXProject section */
		C5F7A7912A80209E009DECF9 /* Project object */ = {
			isa = PBXProject;
			attributes = {
				BuildIndependentTargetsInParallel = 1;
				LastSwiftUpdateCheck = 1430;
				LastUpgradeCheck = 1430;
				TargetAttributes = {
					C5F7A7982A80209E009DECF9 = {
						CreatedOnToolsVersion = 14.3.1;
					};
					C5F7A7D82A8037A8009DECF9 = {
						CreatedOnToolsVersion = 14.3.1;
					};
				};
			};
			buildConfigurationList = C5F7A7942A80209E009DECF9 /* Build configuration list for PBXProject "DeviceActivityApp" */;
			compatibilityVersion = "Xcode 14.0";
			developmentRegion = en;
			hasScannedForEncodings = 0;
			knownRegions = (
				en,
				Base,
			);
			mainGroup = C5F7A7902A80209E009DECF9;
			productRefGroup = C5F7A79A2A80209E009DECF9 /* Products */;
			projectDirPath = "";
			projectRoot = "";
			targets = (
				C5F7A7982A80209E009DECF9 /* DeviceActivityApp */,
				C5F7A7D82A8037A8009DECF9 /* MonitorReport */,
			);
		};
/* End PBXProject section */

/* Begin PBXResourcesBuildPhase section */
		C5F7A7972A80209E009DECF9 /* Resources */ = {
			isa = PBXResourcesBuildPhase;
			buildActionMask = 2147483647;
			files = (
				C5F7A7A42A80209E009DECF9 /* Preview Assets.xcassets in Resources */,
				C5F7A7A12A80209E009DECF9 /* Assets.xcassets in Resources */,
			);
			runOnlyForDeploymentPostprocessing = 0;
		};
		C5F7A7D72A8037A8009DECF9 /* Resources */ = {
			isa = PBXResourcesBuildPhase;
			buildActionMask = 2147483647;
			files = (
			);
			runOnlyForDeploymentPostprocessing = 0;
		};
/* End PBXResourcesBuildPhase section */

/* Begin PBXSourcesBuildPhase section */
		C5F7A7952A80209E009DECF9 /* Sources */ = {
			isa = PBXSourcesBuildPhase;
			buildActionMask = 2147483647;
			files = (
				C5F7A79F2A80209E009DECF9 /* ContentView.swift in Sources */,
				C5F7A7C52A802C59009DECF9 /* ReportsView.swift in Sources */,
				C5F7A7C72A802DA9009DECF9 /* DeviceActivityReportAdapter.swift in Sources */,
				C5F7A7C02A802573009DECF9 /* RequestAuthorization.swift in Sources */,
				C5F7A7C32A80274A009DECF9 /* Loading.swift in Sources */,
				C5F7A79D2A80209E009DECF9 /* DeviceActivityApp.swift in Sources */,
			);
			runOnlyForDeploymentPostprocessing = 0;
		};
		C5F7A7D52A8037A8009DECF9 /* Sources */ = {
			isa = PBXSourcesBuildPhase;
			buildActionMask = 2147483647;
			files = (
				C5F7A7E02A8037A8009DECF9 /* TotalActivityView.swift in Sources */,
				C5F7A7EE2A80394B009DECF9 /* ListItem.swift in Sources */,
				C5F7A7DC2A8037A8009DECF9 /* MonitorReport.swift in Sources */,
				C5F7A7EB2A803945009DECF9 /* DeviceActivityReport.swift in Sources */,
				C5F7A7ED2A803949009DECF9 /* ActivitiesView.swift in Sources */,
				C5F7A7EC2A803947009DECF9 /* AppReport.swift in Sources */,
				C5F7A7DE2A8037A8009DECF9 /* TotalActivityReport.swift in Sources */,
			);
			runOnlyForDeploymentPostprocessing = 0;
		};
/* End PBXSourcesBuildPhase section */

/* Begin PBXTargetDependency section */
		C5F7A7E42A8037A8009DECF9 /* PBXTargetDependency */ = {
			isa = PBXTargetDependency;
			target = C5F7A7D82A8037A8009DECF9 /* MonitorReport */;
			targetProxy = C5F7A7E32A8037A8009DECF9 /* PBXContainerItemProxy */;
		};
/* End PBXTargetDependency section */

/* Begin XCBuildConfiguration section */
		C5F7A7A52A80209E009DECF9 /* Debug */ = {
			isa = XCBuildConfiguration;
			buildSettings = {
				ALWAYS_SEARCH_USER_PATHS = NO;
				CLANG_ANALYZER_NONNULL = YES;
				CLANG_ANALYZER_NUMBER_OBJECT_CONVERSION = YES_AGGRESSIVE;
				CLANG_CXX_LANGUAGE_STANDARD = "gnu++20";
				CLANG_ENABLE_MODULES = YES;
				CLANG_ENABLE_OBJC_ARC = YES;
				CLANG_ENABLE_OBJC_WEAK = YES;
				CLANG_WARN_BLOCK_CAPTURE_AUTORELEASING = YES;
				CLANG_WARN_BOOL_CONVERSION = YES;
				CLANG_WARN_COMMA = YES;
				CLANG_WARN_CONSTANT_CONVERSION = YES;
				CLANG_WARN_DEPRECATED_OBJC_IMPLEMENTATIONS = YES;
				CLANG_WARN_DIRECT_OBJC_ISA_USAGE = YES_ERROR;
				CLANG_WARN_DOCUMENTATION_COMMENTS = YES;
				CLANG_WARN_EMPTY_BODY = YES;
				CLANG_WARN_ENUM_CONVERSION = YES;
				CLANG_WARN_INFINITE_RECURSION = YES;
				CLANG_WARN_INT_CONVERSION = YES;
				CLANG_WARN_NON_LITERAL_NULL_CONVERSION = YES;
				CLANG_WARN_OBJC_IMPLICIT_RETAIN_SELF = YES;
				CLANG_WARN_OBJC_LITERAL_CONVERSION = YES;
				CLANG_WARN_OBJC_ROOT_CLASS = YES_ERROR;
				CLANG_WARN_QUOTED_INCLUDE_IN_FRAMEWORK_HEADER = YES;
				CLANG_WARN_RANGE_LOOP_ANALYSIS = YES;
				CLANG_WARN_STRICT_PROTOTYPES = YES;
				CLANG_WARN_SUSPICIOUS_MOVE = YES;
				CLANG_WARN_UNGUARDED_AVAILABILITY = YES_AGGRESSIVE;
				CLANG_WARN_UNREACHABLE_CODE = YES;
				CLANG_WARN__DUPLICATE_METHOD_MATCH = YES;
				COPY_PHASE_STRIP = NO;
				DEBUG_INFORMATION_FORMAT = dwarf;
				ENABLE_STRICT_OBJC_MSGSEND = YES;
				ENABLE_TESTABILITY = YES;
				GCC_C_LANGUAGE_STANDARD = gnu11;
				GCC_DYNAMIC_NO_PIC = NO;
				GCC_NO_COMMON_BLOCKS = YES;
				GCC_OPTIMIZATION_LEVEL = 0;
				GCC_PREPROCESSOR_DEFINITIONS = (
					"DEBUG=1",
					"$(inherited)",
				);
				GCC_WARN_64_TO_32_BIT_CONVERSION = YES;
				GCC_WARN_ABOUT_RETURN_TYPE = YES_ERROR;
				GCC_WARN_UNDECLARED_SELECTOR = YES;
				GCC_WARN_UNINITIALIZED_AUTOS = YES_AGGRESSIVE;
				GCC_WARN_UNUSED_FUNCTION = YES;
				GCC_WARN_UNUSED_VARIABLE = YES;
				IPHONEOS_DEPLOYMENT_TARGET = 16.4;
				MTL_ENABLE_DEBUG_INFO = INCLUDE_SOURCE;
				MTL_FAST_MATH = YES;
				ONLY_ACTIVE_ARCH = YES;
				SDKROOT = iphoneos;
				SWIFT_ACTIVE_COMPILATION_CONDITIONS = DEBUG;
				SWIFT_OPTIMIZATION_LEVEL = "-Onone";
			};
			name = Debug;
		};
		C5F7A7A62A80209E009DECF9 /* Release */ = {
			isa = XCBuildConfiguration;
			buildSettings = {
				ALWAYS_SEARCH_USER_PATHS = NO;
				CLANG_ANALYZER_NONNULL = YES;
				CLANG_ANALYZER_NUMBER_OBJECT_CONVERSION = YES_AGGRESSIVE;
				CLANG_CXX_LANGUAGE_STANDARD = "gnu++20";
				CLANG_ENABLE_MODULES = YES;
				CLANG_ENABLE_OBJC_ARC = YES;
				CLANG_ENABLE_OBJC_WEAK = YES;
				CLANG_WARN_BLOCK_CAPTURE_AUTORELEASING = YES;
				CLANG_WARN_BOOL_CONVERSION = YES;
				CLANG_WARN_COMMA = YES;
				CLANG_WARN_CONSTANT_CONVERSION = YES;
				CLANG_WARN_DEPRECATED_OBJC_IMPLEMENTATIONS = YES;
				CLANG_WARN_DIRECT_OBJC_ISA_USAGE = YES_ERROR;
				CLANG_WARN_DOCUMENTATION_COMMENTS = YES;
				CLANG_WARN_EMPTY_BODY = YES;
				CLANG_WARN_ENUM_CONVERSION = YES;
				CLANG_WARN_INFINITE_RECURSION = YES;
				CLANG_WARN_INT_CONVERSION = YES;
				CLANG_WARN_NON_LITERAL_NULL_CONVERSION = YES;
				CLANG_WARN_OBJC_IMPLICIT_RETAIN_SELF = YES;
				CLANG_WARN_OBJC_LITERAL_CONVERSION = YES;
				CLANG_WARN_OBJC_ROOT_CLASS = YES_ERROR;
				CLANG_WARN_QUOTED_INCLUDE_IN_FRAMEWORK_HEADER = YES;
				CLANG_WARN_RANGE_LOOP_ANALYSIS = YES;
				CLANG_WARN_STRICT_PROTOTYPES = YES;
				CLANG_WARN_SUSPICIOUS_MOVE = YES;
				CLANG_WARN_UNGUARDED_AVAILABILITY = YES_AGGRESSIVE;
				CLANG_WARN_UNREACHABLE_CODE = YES;
				CLANG_WARN__DUPLICATE_METHOD_MATCH = YES;
				COPY_PHASE_STRIP = NO;
				DEBUG_INFORMATION_FORMAT = "dwarf-with-dsym";
				ENABLE_NS_ASSERTIONS = NO;
				ENABLE_STRICT_OBJC_MSGSEND = YES;
				GCC_C_LANGUAGE_STANDARD = gnu11;
				GCC_NO_COMMON_BLOCKS = YES;
				GCC_WARN_64_TO_32_BIT_CONVERSION = YES;
				GCC_WARN_ABOUT_RETURN_TYPE = YES_ERROR;
				GCC_WARN_UNDECLARED_SELECTOR = YES;
				GCC_WARN_UNINITIALIZED_AUTOS = YES_AGGRESSIVE;
				GCC_WARN_UNUSED_FUNCTION = YES;
				GCC_WARN_UNUSED_VARIABLE = YES;
				IPHONEOS_DEPLOYMENT_TARGET = 16.4;
				MTL_ENABLE_DEBUG_INFO = NO;
				MTL_FAST_MATH = YES;
				SDKROOT = iphoneos;
				SWIFT_COMPILATION_MODE = wholemodule;
				SWIFT_OPTIMIZATION_LEVEL = "-O";
				VALIDATE_PRODUCT = YES;
			};
			name = Release;
		};
		C5F7A7A82A80209E009DECF9 /* Debug */ = {
			isa = XCBuildConfiguration;
			buildSettings = {
				ALWAYS_EMBED_SWIFT_STANDARD_LIBRARIES = YES;
				ASSETCATALOG_COMPILER_APPICON_NAME = AppIcon;
				ASSETCATALOG_COMPILER_GLOBAL_ACCENT_COLOR_NAME = AccentColor;
				CODE_SIGN_ENTITLEMENTS = DeviceActivityApp/DeviceActivityApp.entitlements;
				CODE_SIGN_STYLE = Automatic;
				CURRENT_PROJECT_VERSION = 1;
				DEVELOPMENT_ASSET_PATHS = "\"DeviceActivityApp/Preview Content\"";
				DEVELOPMENT_TEAM = 6YK98Y266V;
				ENABLE_PREVIEWS = YES;
				GENERATE_INFOPLIST_FILE = YES;
				INFOPLIST_KEY_CFBundleDisplayName = Monitor;
				INFOPLIST_KEY_UIApplicationSceneManifest_Generation = YES;
				INFOPLIST_KEY_UIApplicationSupportsIndirectInputEvents = YES;
				INFOPLIST_KEY_UILaunchScreen_Generation = YES;
				INFOPLIST_KEY_UISupportedInterfaceOrientations_iPad = "UIInterfaceOrientationPortrait UIInterfaceOrientationPortraitUpsideDown UIInterfaceOrientationLandscapeLeft UIInterfaceOrientationLandscapeRight";
				INFOPLIST_KEY_UISupportedInterfaceOrientations_iPhone = "UIInterfaceOrientationPortrait UIInterfaceOrientationLandscapeLeft UIInterfaceOrientationLandscapeRight";
				LD_RUNPATH_SEARCH_PATHS = (
					"$(inherited)",
					"@executable_path/Frameworks",
				);
				MARKETING_VERSION = 1.0;
				PRODUCT_BUNDLE_IDENTIFIER = PSomensi.DeviceActivityApp;
				PRODUCT_NAME = "$(TARGET_NAME)";
				SWIFT_EMIT_LOC_STRINGS = YES;
				SWIFT_VERSION = 5.0;
				TARGETED_DEVICE_FAMILY = "1,2";
			};
			name = Debug;
		};
		C5F7A7A92A80209E009DECF9 /* Release */ = {
			isa = XCBuildConfiguration;
			buildSettings = {
				ALWAYS_EMBED_SWIFT_STANDARD_LIBRARIES = YES;
				ASSETCATALOG_COMPILER_APPICON_NAME = AppIcon;
				ASSETCATALOG_COMPILER_GLOBAL_ACCENT_COLOR_NAME = AccentColor;
				CODE_SIGN_ENTITLEMENTS = DeviceActivityApp/DeviceActivityApp.entitlements;
				CODE_SIGN_STYLE = Automatic;
				CURRENT_PROJECT_VERSION = 1;
				DEVELOPMENT_ASSET_PATHS = "\"DeviceActivityApp/Preview Content\"";
				DEVELOPMENT_TEAM = 6YK98Y266V;
				ENABLE_PREVIEWS = YES;
				GENERATE_INFOPLIST_FILE = YES;
				INFOPLIST_KEY_CFBundleDisplayName = Monitor;
				INFOPLIST_KEY_UIApplicationSceneManifest_Generation = YES;
				INFOPLIST_KEY_UIApplicationSupportsIndirectInputEvents = YES;
				INFOPLIST_KEY_UILaunchScreen_Generation = YES;
				INFOPLIST_KEY_UISupportedInterfaceOrientations_iPad = "UIInterfaceOrientationPortrait UIInterfaceOrientationPortraitUpsideDown UIInterfaceOrientationLandscapeLeft UIInterfaceOrientationLandscapeRight";
				INFOPLIST_KEY_UISupportedInterfaceOrientations_iPhone = "UIInterfaceOrientationPortrait UIInterfaceOrientationLandscapeLeft UIInterfaceOrientationLandscapeRight";
				LD_RUNPATH_SEARCH_PATHS = (
					"$(inherited)",
					"@executable_path/Frameworks",
				);
				MARKETING_VERSION = 1.0;
				PRODUCT_BUNDLE_IDENTIFIER = PSomensi.DeviceActivityApp;
				PRODUCT_NAME = "$(TARGET_NAME)";
				SWIFT_EMIT_LOC_STRINGS = YES;
				SWIFT_VERSION = 5.0;
				TARGETED_DEVICE_FAMILY = "1,2";
			};
			name = Release;
		};
		C5F7A7E72A8037A8009DECF9 /* Debug */ = {
			isa = XCBuildConfiguration;
			buildSettings = {
				CODE_SIGN_ENTITLEMENTS = MonitorReport/MonitorReport.entitlements;
				CODE_SIGN_STYLE = Automatic;
				CURRENT_PROJECT_VERSION = 1;
				DEVELOPMENT_TEAM = 6YK98Y266V;
				GENERATE_INFOPLIST_FILE = YES;
				INFOPLIST_FILE = MonitorReport/Info.plist;
				INFOPLIST_KEY_CFBundleDisplayName = MonitorReport;
				INFOPLIST_KEY_NSHumanReadableCopyright = "";
				IPHONEOS_DEPLOYMENT_TARGET = 16.0;
				LD_RUNPATH_SEARCH_PATHS = (
					"$(inherited)",
					"@executable_path/Frameworks",
					"@executable_path/../../Frameworks",
				);
				MARKETING_VERSION = 1.0;
				PRODUCT_BUNDLE_IDENTIFIER = PSomensi.DeviceActivityApp.MonitorReport;
				PRODUCT_NAME = "$(TARGET_NAME)";
				SKIP_INSTALL = YES;
				SWIFT_EMIT_LOC_STRINGS = YES;
				SWIFT_VERSION = 5.0;
				TARGETED_DEVICE_FAMILY = "1,2";
			};
			name = Debug;
		};
		C5F7A7E82A8037A8009DECF9 /* Release */ = {
			isa = XCBuildConfiguration;
			buildSettings = {
				CODE_SIGN_ENTITLEMENTS = MonitorReport/MonitorReport.entitlements;
				CODE_SIGN_STYLE = Automatic;
				CURRENT_PROJECT_VERSION = 1;
				DEVELOPMENT_TEAM = 6YK98Y266V;
				GENERATE_INFOPLIST_FILE = YES;
				INFOPLIST_FILE = MonitorReport/Info.plist;
				INFOPLIST_KEY_CFBundleDisplayName = MonitorReport;
				INFOPLIST_KEY_NSHumanReadableCopyright = "";
				IPHONEOS_DEPLOYMENT_TARGET = 16.0;
				LD_RUNPATH_SEARCH_PATHS = (
					"$(inherited)",
					"@executable_path/Frameworks",
					"@executable_path/../../Frameworks",
				);
				MARKETING_VERSION = 1.0;
				PRODUCT_BUNDLE_IDENTIFIER = PSomensi.DeviceActivityApp.MonitorReport;
				PRODUCT_NAME = "$(TARGET_NAME)";
				SKIP_INSTALL = YES;
				SWIFT_EMIT_LOC_STRINGS = YES;
				SWIFT_VERSION = 5.0;
				TARGETED_DEVICE_FAMILY = "1,2";
			};
			name = Release;
		};
/* End XCBuildConfiguration section */

/* Begin XCConfigurationList section */
		C5F7A7942A80209E009DECF9 /* Build configuration list for PBXProject "DeviceActivityApp" */ = {
			isa = XCConfigurationList;
			buildConfigurations = (
				C5F7A7A52A80209E009DECF9 /* Debug */,
				C5F7A7A62A80209E009DECF9 /* Release */,
			);
			defaultConfigurationIsVisible = 0;
			defaultConfigurationName = Release;
		};
		C5F7A7A72A80209E009DECF9 /* Build configuration list for PBXNativeTarget "DeviceActivityApp" */ = {
			isa = XCConfigurationList;
			buildConfigurations = (
				C5F7A7A82A80209E009DECF9 /* Debug */,
				C5F7A7A92A80209E009DECF9 /* Release */,
			);
			defaultConfigurationIsVisible = 0;
			defaultConfigurationName = Release;
		};
		C5F7A7E62A8037A8009DECF9 /* Build configuration list for PBXNativeTarget "MonitorReport" */ = {
			isa = XCConfigurationList;
			buildConfigurations = (
				C5F7A7E72A8037A8009DECF9 /* Debug */,
				C5F7A7E82A8037A8009DECF9 /* Release */,
			);
			defaultConfigurationIsVisible = 0;
			defaultConfigurationName = Release;
		};
/* End XCConfigurationList section */
	};
	rootObject = C5F7A7912A80209E009DECF9 /* Project object */;
}
